
Microsoft Visual Studio Solution File, Format Version 12.00
# Visual Studio Version 17
VisualStudioVersion = 17.6.33829.357
MinimumVisualStudioVersion = 10.0.40219.1
Project("{2150E333-8FDC-42A3-9474-1A3956D46DE8}") = "Solution Items", "Solution Items", "{4BB6904B-FCD6-4BA3-9FE1-9983F14E2AB3}"
	ProjectSection(SolutionItems) = preProject
		.editorconfig = .editorconfig
		.gitignore = .gitignore
		CodeMaid.config = CodeMaid.config
		README.md = README.md
	EndProjectSection
EndProject
Project("{2150E333-8FDC-42A3-9474-1A3956D46DE8}") = "spec", "spec", "{3100049D-4929-47A2-9F38-9FD56AB61D9A}"
	ProjectSection(SolutionItems) = preProject
		spec\C# .NET test .pdf = spec\C# .NET test .pdf
	EndProjectSection
EndProject
Project("{2150E333-8FDC-42A3-9474-1A3956D46DE8}") = "doc", "doc", "{F984AC77-24EC-4ECD-A0E6-79726C317485}"
	ProjectSection(SolutionItems) = preProject
		doc\DevEnvSetup.md = doc\DevEnvSetup.md
	EndProjectSection
EndProject
Project("{9A19103F-16F7-4668-BE54-9A1E7A4F7556}") = "CompanyEmployees.Persistence", "CompanyEmployees.Persistence\CompanyEmployees.Persistence.csproj", "{1526ED7A-93AE-404E-BD7F-D3DCE9B9A315}"
EndProject
Project("{9A19103F-16F7-4668-BE54-9A1E7A4F7556}") = "CompanyEmployees.Core", "CompanyEmployees.Core\CompanyEmployees.Core.csproj", "{C587BFD5-16A2-4639-909B-04612E772B88}"
EndProject
Project("{9A19103F-16F7-4668-BE54-9A1E7A4F7556}") = "CompanyEmployees.UnitTests", "CompanyEmployees.UnitTests\CompanyEmployees.UnitTests.csproj", "{FC537AD1-C2EA-4D20-A1D5-014AE6472F3A}"
EndProject
Project("{9A19103F-16F7-4668-BE54-9A1E7A4F7556}") = "CompanyEmployees.Common", "CompanyEmployees.Common\CompanyEmployees.Common.csproj", "{4DA8DE0D-11F5-44D8-AAFD-1E7EDF8C28F1}"
EndProject
Project("{9A19103F-16F7-4668-BE54-9A1E7A4F7556}") = "CompanyEmployees.Api", "CompanyEmployees.Api\CompanyEmployees.Api.csproj", "{7C6C63E4-432A-4EE7-BF55-112DE5B5FE6A}"
EndProject
Global
	GlobalSection(SolutionConfigurationPlatforms) = preSolution
		Debug|Any CPU = Debug|Any CPU
		Release|Any CPU = Release|Any CPU
	EndGlobalSection
	GlobalSection(ProjectConfigurationPlatforms) = postSolution
		{1526ED7A-93AE-404E-BD7F-D3DCE9B9A315}.Debug|Any CPU.ActiveCfg = Debug|Any CPU
		{1526ED7A-93AE-404E-BD7F-D3DCE9B9A315}.Debug|Any CPU.Build.0 = Debug|Any CPU
		{1526ED7A-93AE-404E-BD7F-D3DCE9B9A315}.Release|Any CPU.ActiveCfg = Release|Any CPU
		{1526ED7A-93AE-404E-BD7F-D3DCE9B9A315}.Release|Any CPU.Build.0 = Release|Any CPU
		{C587BFD5-16A2-4639-909B-04612E772B88}.Debug|Any CPU.ActiveCfg = Debug|Any CPU
		{C587BFD5-16A2-4639-909B-04612E772B88}.Debug|Any CPU.Build.0 = Debug|Any CPU
		{C587BFD5-16A2-4639-909B-04612E772B88}.Release|Any CPU.ActiveCfg = Release|Any CPU
		{C587BFD5-16A2-4639-909B-04612E772B88}.Release|Any CPU.Build.0 = Release|Any CPU
		{FC537AD1-C2EA-4D20-A1D5-014AE6472F3A}.Debug|Any CPU.ActiveCfg = Debug|Any CPU
		{FC537AD1-C2EA-4D20-A1D5-014AE6472F3A}.Debug|Any CPU.Build.0 = Debug|Any CPU
		{FC537AD1-C2EA-4D20-A1D5-014AE6472F3A}.Release|Any CPU.ActiveCfg = Release|Any CPU
		{FC537AD1-C2EA-4D20-A1D5-014AE6472F3A}.Release|Any CPU.Build.0 = Release|Any CPU
		{4DA8DE0D-11F5-44D8-AAFD-1E7EDF8C28F1}.Debug|Any CPU.ActiveCfg = Debug|Any CPU
		{4DA8DE0D-11F5-44D8-AAFD-1E7EDF8C28F1}.Debug|Any CPU.Build.0 = Debug|Any CPU
		{4DA8DE0D-11F5-44D8-AAFD-1E7EDF8C28F1}.Release|Any CPU.ActiveCfg = Release|Any CPU
		{4DA8DE0D-11F5-44D8-AAFD-1E7EDF8C28F1}.Release|Any CPU.Build.0 = Release|Any CPU
		{7C6C63E4-432A-4EE7-BF55-112DE5B5FE6A}.Debug|Any CPU.ActiveCfg = Debug|Any CPU
		{7C6C63E4-432A-4EE7-BF55-112DE5B5FE6A}.Debug|Any CPU.Build.0 = Debug|Any CPU
		{7C6C63E4-432A-4EE7-BF55-112DE5B5FE6A}.Release|Any CPU.ActiveCfg = Release|Any CPU
		{7C6C63E4-432A-4EE7-BF55-112DE5B5FE6A}.Release|Any CPU.Build.0 = Release|Any CPU
	EndGlobalSection
	GlobalSection(SolutionProperties) = preSolution
		HideSolutionNode = FALSE
	EndGlobalSection
	GlobalSection(NestedProjects) = preSolution
		{3100049D-4929-47A2-9F38-9FD56AB61D9A} = {4BB6904B-FCD6-4BA3-9FE1-9983F14E2AB3}
		{F984AC77-24EC-4ECD-A0E6-79726C317485} = {4BB6904B-FCD6-4BA3-9FE1-9983F14E2AB3}
	EndGlobalSection
	GlobalSection(ExtensibilityGlobals) = postSolution
		SolutionGuid = {3E3FC03F-AD0E-4520-B96F-E90A97FAAF04}
	EndGlobalSection
EndGlobal
